
Microsoft Visual Studio Solution File, Format Version 12.00
# Visual Studio Version 16
VisualStudioVersion = 16.0.31005.135
MinimumVisualStudioVersion = 10.0.40219.1
Project("{9A19103F-16F7-4668-BE54-9A1E7A4F7556}") = "soccer-solutions-server", "soccer-solutions-server\soccer-solutions-server.csproj", "{2B864416-4303-489B-BFFF-622555593581}"
EndProject
Project("{9A19103F-16F7-4668-BE54-9A1E7A4F7556}") = "soccer.solutions.services", "soccer.solutions.services\soccer.solutions.services.csproj", "{254F9907-E048-4EE4-806D-890A6929B2F2}"
EndProject
Project("{FAE04EC0-301F-11D3-BF4B-00C04F79EFBC}") = "soccer-solutions.domain", "soccer-solutions.domain\soccer-solutions.domain.csproj", "{9B18D8CA-A64D-4189-BAC9-346D0FC25CCA}"
EndProject
Global
	GlobalSection(SolutionConfigurationPlatforms) = preSolution
		Debug|Any CPU = Debug|Any CPU
		Release|Any CPU = Release|Any CPU
	EndGlobalSection
	GlobalSection(ProjectConfigurationPlatforms) = postSolution
		{2B864416-4303-489B-BFFF-622555593581}.Debug|Any CPU.ActiveCfg = Debug|Any CPU
		{2B864416-4303-489B-BFFF-622555593581}.Debug|Any CPU.Build.0 = Debug|Any CPU
		{2B864416-4303-489B-BFFF-622555593581}.Release|Any CPU.ActiveCfg = Release|Any CPU
		{2B864416-4303-489B-BFFF-622555593581}.Release|Any CPU.Build.0 = Release|Any CPU
		{254F9907-E048-4EE4-806D-890A6929B2F2}.Debug|Any CPU.ActiveCfg = Debug|Any CPU
		{254F9907-E048-4EE4-806D-890A6929B2F2}.Debug|Any CPU.Build.0 = Debug|Any CPU
		{254F9907-E048-4EE4-806D-890A6929B2F2}.Release|Any CPU.ActiveCfg = Release|Any CPU
		{254F9907-E048-4EE4-806D-890A6929B2F2}.Release|Any CPU.Build.0 = Release|Any CPU
		{9B18D8CA-A64D-4189-BAC9-346D0FC25CCA}.Debug|Any CPU.ActiveCfg = Debug|Any CPU
		{9B18D8CA-A64D-4189-BAC9-346D0FC25CCA}.Debug|Any CPU.Build.0 = Debug|Any CPU
		{9B18D8CA-A64D-4189-BAC9-346D0FC25CCA}.Release|Any CPU.ActiveCfg = Release|Any CPU
		{9B18D8CA-A64D-4189-BAC9-346D0FC25CCA}.Release|Any CPU.Build.0 = Release|Any CPU
	EndGlobalSection
	GlobalSection(SolutionProperties) = preSolution
		HideSolutionNode = FALSE
	EndGlobalSection
	GlobalSection(ExtensibilityGlobals) = postSolution
		SolutionGuid = {397DB4EA-9EA4-4CD3-9C14-6A143D50C8FC}
	EndGlobalSection
EndGlobal
